
Microsoft Visual Studio Solution File, Format Version 12.00
# Visual Studio Version 17
VisualStudioVersion = 17.0.31903.59
MinimumVisualStudioVersion = 10.0.40219.1
Project("{2150E333-8FDC-42A3-9474-1A3956D46DE8}") = "src", "src", "{65201397-ED19-47DD-826F-FDB12B2D3FC3}"
EndProject
Project("{2150E333-8FDC-42A3-9474-1A3956D46DE8}") = "core", "core", "{0646CA6B-9219-4234-A997-8B62D31820F3}"
EndProject
Project("{FAE04EC0-301F-11D3-BF4B-00C04F79EFBC}") = "RagnaModManager.Core", "src\core\RagnaModManager.Core\RagnaModManager.Core.csproj", "{5207D832-2D40-4BF5-A1E8-9EF60213F120}"
EndProject
Project("{2150E333-8FDC-42A3-9474-1A3956D46DE8}") = "ragnarock", "ragnarock", "{C9596698-7276-4161-9233-77E7F831145A}"
EndProject
Project("{FAE04EC0-301F-11D3-BF4B-00C04F79EFBC}") = "RagnaModManager.Ragnarock", "src\ragnarock\RagnaModManager.Ragnarock\RagnaModManager.Ragnarock.csproj", "{F2ED81C8-8D93-4108-979A-CB8DC076B2B3}"
EndProject
Project("{2150E333-8FDC-42A3-9474-1A3956D46DE8}") = "ui", "ui", "{601B95D8-0545-44A7-A419-23AA6ADBB682}"
EndProject
Project("{FAE04EC0-301F-11D3-BF4B-00C04F79EFBC}") = "RagnaModManager.Cli", "src\ui\RagnaModManager.Cli\RagnaModManager.Cli.csproj", "{C6B87D4E-19F3-4908-B559-D839626DF590}"
EndProject
Project("{2150E333-8FDC-42A3-9474-1A3956D46DE8}") = "tests", "tests", "{51575FE8-9CE6-4B3C-A565-C07AF27CE0EE}"
EndProject
Project("{FAE04EC0-301F-11D3-BF4B-00C04F79EFBC}") = "RagnaModManager.Tests", "tests\RagnaModManager.Tests\RagnaModManager.Tests.csproj", "{63FF37B5-6702-4BF5-BD05-E4B04EB95903}"
EndProject
Project("{FAE04EC0-301F-11D3-BF4B-00C04F79EFBC}") = "RagnaModManager.Desktop", "src\ui\RagnaModManager.Desktop\RagnaModManager.Desktop.csproj", "{2CAECAF1-5727-451D-8133-BF28BC1F2057}"
EndProject
Project("{2150E333-8FDC-42A3-9474-1A3956D46DE8}") = "platform", "platform", "{464952AA-B8CB-4FAA-8B9C-AFE27D8DCBED}"
EndProject
Project("{FAE04EC0-301F-11D3-BF4B-00C04F79EFBC}") = "RagnaModManager.Platform", "src\platform\RagnaModManager.Platform\RagnaModManager.Platform.csproj", "{05F15564-8D14-45D6-A8E5-94BEE41E64A2}"
EndProject
Global
	GlobalSection(SolutionConfigurationPlatforms) = preSolution
		Debug|Any CPU = Debug|Any CPU
		Release|Any CPU = Release|Any CPU
	EndGlobalSection
	GlobalSection(SolutionProperties) = preSolution
		HideSolutionNode = FALSE
	EndGlobalSection
	GlobalSection(ProjectConfigurationPlatforms) = postSolution
		{5207D832-2D40-4BF5-A1E8-9EF60213F120}.Debug|Any CPU.ActiveCfg = Debug|Any CPU
		{5207D832-2D40-4BF5-A1E8-9EF60213F120}.Debug|Any CPU.Build.0 = Debug|Any CPU
		{5207D832-2D40-4BF5-A1E8-9EF60213F120}.Release|Any CPU.ActiveCfg = Release|Any CPU
		{5207D832-2D40-4BF5-A1E8-9EF60213F120}.Release|Any CPU.Build.0 = Release|Any CPU
		{F2ED81C8-8D93-4108-979A-CB8DC076B2B3}.Debug|Any CPU.ActiveCfg = Debug|Any CPU
		{F2ED81C8-8D93-4108-979A-CB8DC076B2B3}.Debug|Any CPU.Build.0 = Debug|Any CPU
		{F2ED81C8-8D93-4108-979A-CB8DC076B2B3}.Release|Any CPU.ActiveCfg = Release|Any CPU
		{F2ED81C8-8D93-4108-979A-CB8DC076B2B3}.Release|Any CPU.Build.0 = Release|Any CPU
		{C6B87D4E-19F3-4908-B559-D839626DF590}.Debug|Any CPU.ActiveCfg = Debug|Any CPU
		{C6B87D4E-19F3-4908-B559-D839626DF590}.Debug|Any CPU.Build.0 = Debug|Any CPU
		{C6B87D4E-19F3-4908-B559-D839626DF590}.Release|Any CPU.ActiveCfg = Release|Any CPU
		{C6B87D4E-19F3-4908-B559-D839626DF590}.Release|Any CPU.Build.0 = Release|Any CPU
		{63FF37B5-6702-4BF5-BD05-E4B04EB95903}.Debug|Any CPU.ActiveCfg = Debug|Any CPU
		{63FF37B5-6702-4BF5-BD05-E4B04EB95903}.Debug|Any CPU.Build.0 = Debug|Any CPU
		{63FF37B5-6702-4BF5-BD05-E4B04EB95903}.Release|Any CPU.ActiveCfg = Release|Any CPU
		{63FF37B5-6702-4BF5-BD05-E4B04EB95903}.Release|Any CPU.Build.0 = Release|Any CPU
		{2CAECAF1-5727-451D-8133-BF28BC1F2057}.Debug|Any CPU.ActiveCfg = Debug|Any CPU
		{2CAECAF1-5727-451D-8133-BF28BC1F2057}.Debug|Any CPU.Build.0 = Debug|Any CPU
		{2CAECAF1-5727-451D-8133-BF28BC1F2057}.Release|Any CPU.ActiveCfg = Release|Any CPU
		{2CAECAF1-5727-451D-8133-BF28BC1F2057}.Release|Any CPU.Build.0 = Release|Any CPU
		{05F15564-8D14-45D6-A8E5-94BEE41E64A2}.Debug|Any CPU.ActiveCfg = Debug|Any CPU
		{05F15564-8D14-45D6-A8E5-94BEE41E64A2}.Debug|Any CPU.Build.0 = Debug|Any CPU
		{05F15564-8D14-45D6-A8E5-94BEE41E64A2}.Release|Any CPU.ActiveCfg = Release|Any CPU
		{05F15564-8D14-45D6-A8E5-94BEE41E64A2}.Release|Any CPU.Build.0 = Release|Any CPU
	EndGlobalSection
	GlobalSection(NestedProjects) = preSolution
		{0646CA6B-9219-4234-A997-8B62D31820F3} = {65201397-ED19-47DD-826F-FDB12B2D3FC3}
		{5207D832-2D40-4BF5-A1E8-9EF60213F120} = {0646CA6B-9219-4234-A997-8B62D31820F3}
		{C9596698-7276-4161-9233-77E7F831145A} = {65201397-ED19-47DD-826F-FDB12B2D3FC3}
		{F2ED81C8-8D93-4108-979A-CB8DC076B2B3} = {C9596698-7276-4161-9233-77E7F831145A}
		{601B95D8-0545-44A7-A419-23AA6ADBB682} = {65201397-ED19-47DD-826F-FDB12B2D3FC3}
		{C6B87D4E-19F3-4908-B559-D839626DF590} = {601B95D8-0545-44A7-A419-23AA6ADBB682}
		{63FF37B5-6702-4BF5-BD05-E4B04EB95903} = {51575FE8-9CE6-4B3C-A565-C07AF27CE0EE}
		{2CAECAF1-5727-451D-8133-BF28BC1F2057} = {601B95D8-0545-44A7-A419-23AA6ADBB682}
		{464952AA-B8CB-4FAA-8B9C-AFE27D8DCBED} = {65201397-ED19-47DD-826F-FDB12B2D3FC3}
		{05F15564-8D14-45D6-A8E5-94BEE41E64A2} = {464952AA-B8CB-4FAA-8B9C-AFE27D8DCBED}
	EndGlobalSection
EndGlobal
